
Microsoft Visual Studio Solution File, Format Version 12.00
# Visual Studio Version 17
VisualStudioVersion = 17.2.32630.192
MinimumVisualStudioVersion = 10.0.40219.1
Project("{9A19103F-16F7-4668-BE54-9A1E7A4F7556}") = "OilSystem", "OilSystem\OilSystem.csproj", "{CD54E84D-132C-48BB-B7F1-C5C429A0C6CF}"
EndProject
Project("{9A19103F-16F7-4668-BE54-9A1E7A4F7556}") = "OilBlendSystem.BLL", "OilBlendSystem.BLL\OilBlendSystem.BLL.csproj", "{CD44B562-A8A1-4D3B-9AAA-23293DA23880}"
EndProject
Project("{9A19103F-16F7-4668-BE54-9A1E7A4F7556}") = "OilBlendSystem.Models", "OilBlendSystem.Models\OilBlendSystem.Models.csproj", "{740720DD-7C52-4534-975C-315FCA4D0D68}"
EndProject
Global
	GlobalSection(SolutionConfigurationPlatforms) = preSolution
		Debug|Any CPU = Debug|Any CPU
		Release|Any CPU = Release|Any CPU
	EndGlobalSection
	GlobalSection(ProjectConfigurationPlatforms) = postSolution
		{CD54E84D-132C-48BB-B7F1-C5C429A0C6CF}.Debug|Any CPU.ActiveCfg = Debug|Any CPU
		{CD54E84D-132C-48BB-B7F1-C5C429A0C6CF}.Debug|Any CPU.Build.0 = Debug|Any CPU
		{CD54E84D-132C-48BB-B7F1-C5C429A0C6CF}.Release|Any CPU.ActiveCfg = Release|Any CPU
		{CD54E84D-132C-48BB-B7F1-C5C429A0C6CF}.Release|Any CPU.Build.0 = Release|Any CPU
		{CD44B562-A8A1-4D3B-9AAA-23293DA23880}.Debug|Any CPU.ActiveCfg = Debug|Any CPU
		{CD44B562-A8A1-4D3B-9AAA-23293DA23880}.Debug|Any CPU.Build.0 = Debug|Any CPU
		{CD44B562-A8A1-4D3B-9AAA-23293DA23880}.Release|Any CPU.ActiveCfg = Release|Any CPU
		{CD44B562-A8A1-4D3B-9AAA-23293DA23880}.Release|Any CPU.Build.0 = Release|Any CPU
		{740720DD-7C52-4534-975C-315FCA4D0D68}.Debug|Any CPU.ActiveCfg = Debug|Any CPU
		{740720DD-7C52-4534-975C-315FCA4D0D68}.Debug|Any CPU.Build.0 = Debug|Any CPU
		{740720DD-7C52-4534-975C-315FCA4D0D68}.Release|Any CPU.ActiveCfg = Release|Any CPU
		{740720DD-7C52-4534-975C-315FCA4D0D68}.Release|Any CPU.Build.0 = Release|Any CPU
	EndGlobalSection
	GlobalSection(SolutionProperties) = preSolution
		HideSolutionNode = FALSE
	EndGlobalSection
	GlobalSection(ExtensibilityGlobals) = postSolution
		SolutionGuid = {9C7C640C-87E1-410C-9957-F1FC217DB4A3}
	EndGlobalSection
EndGlobal
